
Microsoft Visual Studio Solution File, Format Version 12.00
# Visual Studio Version 17
VisualStudioVersion = 17.3.32929.385
MinimumVisualStudioVersion = 10.0.40219.1
Project("{FAE04EC0-301F-11D3-BF4B-00C04F79EFBC}") = "WindowsFormsTCPClientApp", "WindowsFormsTCPClientApp.csproj", "{1E7C980E-550F-4641-9DBA-6B02DBFF1747}"
EndProject
Project("{FAE04EC0-301F-11D3-BF4B-00C04F79EFBC}") = "WindowsFormsKRLTCPServerApp", "..\WindowsFormsKRLTCPServerApp\WindowsFormsKRLTCPServerApp.csproj", "{2A1189F5-7ACB-457D-8C8D-47DEA6B70853}"
EndProject
Project("{FAE04EC0-301F-11D3-BF4B-00C04F79EFBC}") = "WindowsFormsTCPServerApp", "..\WindowsFormsTCPServerApp\WindowsFormsTCPServerApp.csproj", "{4F8F3CE6-48DA-4DCB-A8AD-343D945352FA}"
EndProject
Global
	GlobalSection(SolutionConfigurationPlatforms) = preSolution
		Debug|Any CPU = Debug|Any CPU
		Release|Any CPU = Release|Any CPU
	EndGlobalSection
	GlobalSection(ProjectConfigurationPlatforms) = postSolution
		{1E7C980E-550F-4641-9DBA-6B02DBFF1747}.Debug|Any CPU.ActiveCfg = Debug|Any CPU
		{1E7C980E-550F-4641-9DBA-6B02DBFF1747}.Debug|Any CPU.Build.0 = Debug|Any CPU
		{1E7C980E-550F-4641-9DBA-6B02DBFF1747}.Release|Any CPU.ActiveCfg = Release|Any CPU
		{1E7C980E-550F-4641-9DBA-6B02DBFF1747}.Release|Any CPU.Build.0 = Release|Any CPU
		{2A1189F5-7ACB-457D-8C8D-47DEA6B70853}.Debug|Any CPU.ActiveCfg = Debug|Any CPU
		{2A1189F5-7ACB-457D-8C8D-47DEA6B70853}.Debug|Any CPU.Build.0 = Debug|Any CPU
		{2A1189F5-7ACB-457D-8C8D-47DEA6B70853}.Release|Any CPU.ActiveCfg = Release|Any CPU
		{2A1189F5-7ACB-457D-8C8D-47DEA6B70853}.Release|Any CPU.Build.0 = Release|Any CPU
		{4F8F3CE6-48DA-4DCB-A8AD-343D945352FA}.Debug|Any CPU.ActiveCfg = Debug|Any CPU
		{4F8F3CE6-48DA-4DCB-A8AD-343D945352FA}.Debug|Any CPU.Build.0 = Debug|Any CPU
		{4F8F3CE6-48DA-4DCB-A8AD-343D945352FA}.Release|Any CPU.ActiveCfg = Release|Any CPU
		{4F8F3CE6-48DA-4DCB-A8AD-343D945352FA}.Release|Any CPU.Build.0 = Release|Any CPU
	EndGlobalSection
	GlobalSection(SolutionProperties) = preSolution
		HideSolutionNode = FALSE
	EndGlobalSection
	GlobalSection(ExtensibilityGlobals) = postSolution
		SolutionGuid = {200348CF-7151-47BA-AB37-A930948C4A64}
	EndGlobalSection
EndGlobal
